hash: 1db03de7a2a86bfb6f0119dc0f6ed9d32031896da05cb7a9a5a4ca16dd9309ed
updated: 2018-11-13T10:10:41.272205003+01:00
imports:
- name: github.com/docker/distribution
  version: 93e082742a009850ac46962150b2f652a822c5ff
  subpackages:
  - digestset
  - reference
- name: github.com/docker/docker
  version: 758255791e25767aeeb5b2509e2d54f9ec91b242
  subpackages:
  - api
  - api/types
  - api/types/blkiodev
  - api/types/container
  - api/types/events
  - api/types/filters
  - api/types/image
  - api/types/mount
  - api/types/network
  - api/types/registry
  - api/types/strslice
  - api/types/swarm
  - api/types/swarm/runtime
  - api/types/time
  - api/types/versions
  - api/types/volume
  - client
  - errdefs
- name: github.com/docker/go-connections
  version: 97c2040d34dfae1d1b1275fa3a78dbdd2f41cf7e
  subpackages:
  - nat
  - sockets
  - tlsconfig
- name: github.com/docker/go-units
  version: 2fb04c6466a548a03cb009c5569ee1ab1e35398e
- name: github.com/EmbeddedEnterprises/service
  version: b3ed63a6fa711c4a9bf7b870acbba91932f7b120
- name: github.com/gammazero/nexus
  version: 84075193edb87da4366139b223b6df48d42eb26e
  repo: https://github.com/EmbeddedEnterprises/nexus.git
  vcs: git
  subpackages:
  - client
  - router
  - router/auth
  - stdlog
  - transport
  - transport/serialize
  - wamp
  - wamp/crsign
- name: github.com/gogo/protobuf
  version: 211a54c57504366b3bf4b490fb3c0a5f5b8d290b
  subpackages:
  - proto
- name: github.com/gorilla/websocket
  version: 483fb8d7c32fcb4b5636cd293a92e3935932e2f4
- name: github.com/Microsoft/go-winio
  version: 97e4973ce50b2ff5f09635a57e2b88a037aae829
- name: github.com/mitchellh/mapstructure
  version: 3536a929edddb9a5b34bd6861dc4a9647cb459fe
- name: github.com/ogier/pflag
  version: 45c278ab3607870051a2ea9040bb85fcb8557481
- name: github.com/op/go-logging
  version: 970db520ece77730c7e4724c61121037378659d9
- name: github.com/opencontainers/go-digest
  version: c9281466c8b2f606084ac71339773efd177436e7
- name: github.com/opencontainers/image-spec
  version: 09950c5fb1bb6745e72aa26ecde0d540e35f5286
  subpackages:
  - specs-go
  - specs-go/v1
- name: github.com/pkg/errors
  version: 059132a15dd08d6704c67711dae0cf35ab991756
- name: github.com/ugorji/go
  version: e5e69e061d4f7ee3a69b793cf9c1b41afe21918e
  subpackages:
  - codec
- name: golang.org/x/crypto
  version: 3d3f9f413869b949e48070b5bc593aa22cc2b8f2
  subpackages:
  - pbkdf2
- name: golang.org/x/net
  version: 03003ca0c849e57b6ea29a4bab8d3cb6e4d568fe
  subpackages:
  - context
  - internal/socks
  - proxy
- name: golang.org/x/sys
  version: 66b7b1311ac80bbafcd2daeef9a5e6e2cd1e2399
  subpackages:
  - windows
testImports: []
