github.com/EmbeddedEnterprises/service v0.17.0 h1:CMcf810MhVmHSFNRekogvTzFVWL39IDdorg96BOmawc=
github.com/EmbeddedEnterprises/service v0.17.0/go.mod h1:UVW4wlCmjosDnD0KFJJmB8vVMm56/GqAybVAT/Gx4PY=
github.com/EmbeddedEnterprises/service v0.17.3 h1:bgS3BZyvG/2MNLGrvUpaejbe2QH48jyqqEyEYkvUYJ8=
github.com/EmbeddedEnterprises/service v0.17.3/go.mod h1:UVW4wlCmjosDnD0KFJJmB8vVMm56/GqAybVAT/Gx4PY=
github.com/Microsoft/go-winio v0.4.11/go.mod h1:VhR8bwka0BXejwEJY73c50VrPtXAaKcyvVC4A4RozmA=
github.com/Microsoft/go-winio v0.4.12/go.mod h1:VhR8bwka0BXejwEJY73c50VrPtXAaKcyvVC4A4RozmA=
github.com/davecgh/go-spew v1.1.1/go.mod h1:J7Y8YcW2NihsgmVo/mv3lAwl/skON4iLHjSsI+c5H38=
github.com/docker/distribution v0.0.0-20181024170156-93e082742a00 h1:oMYsgzD1U/fva345wviC6v/CIg0xSMnxcij92F92OEo=
github.com/docker/distribution v0.0.0-20181024170156-93e082742a00/go.mod h1:J2gT2udsDAN96Uj4KfcMRqY0/ypR+oyYUYmja8H+y+w=
github.com/docker/distribution v2.7.1+incompatible h1:a5mlkVzth6W5A4fOsS3D2EO5BUmsJpcB+cRlLU7cSug=
github.com/docker/distribution v2.7.1+incompatible/go.mod h1:J2gT2udsDAN96Uj4KfcMRqY0/ypR+oyYUYmja8H+y+w=
github.com/docker/docker v0.0.0-20181113085551-758255791e25 h1:+ogYzvNQ2OKaR5HHQ9NlAGIUy/WynlJ/+xsawiKTMFY=
github.com/docker/docker v0.0.0-20181113085551-758255791e25/go.mod h1:eEKB0N0r5NX/I1kEveEz05bcu8tLC/8azJZsviup8Sk=
github.com/docker/go-connections v0.0.0-20180821093606-97c2040d34df h1:ADMjlaDGEn0OOQIieyxanhAt41jcngf8rf78X2eKNLw=
github.com/docker/go-connections v0.0.0-20180821093606-97c2040d34df/go.mod h1:Gbd7IOopHjR8Iph03tsViu4nIes5XhDvyHbTtUxmeec=
github.com/docker/go-units v0.0.0-20181030082039-2fb04c6466a5 h1:xHJ7PnyCm5JewgnxlyPk6ksoz3uZIblIQ39yrANAYpc=
github.com/docker/go-units v0.0.0-20181030082039-2fb04c6466a5/go.mod h1:fgPhTUdO+D/Jk86RDLlptpiXQzgHJF7gydDDbaIK4Dk=
github.com/docker/go-units v0.4.0 h1:3uh0PgVws3nIA0Q+MwDC8yjEPf9zjRfZZWXZYDct3Tw=
github.com/docker/go-units v0.4.0/go.mod h1:fgPhTUdO+D/Jk86RDLlptpiXQzgHJF7gydDDbaIK4Dk=
github.com/fortytw2/leaktest v1.3.0/go.mod h1:jDsjWgpAGjm2CA7WthBh/CdZYEPF31XHquHwclZch5g=
github.com/gammazero/nexus v0.0.0-20190504232053-77a204dfdc2c h1:6y8+qY4Nd44BvtpnczdRq2J+8o4TaAdcEgnDjDnESgY=
github.com/gammazero/nexus v0.0.0-20190504232053-77a204dfdc2c/go.mod h1:IQ7ZyJMfVK2DjM4ehwBZvJ/ibHvaCnQiEm8MEtAUuB8=
github.com/gammazero/nexus v2.1.0+incompatible h1:1faYOz5Gp0sBJpb5L5/PPJ5j2K0iuNxoMtoDfxf2PK4=
github.com/gammazero/nexus v2.1.0+incompatible/go.mod h1:0qqt3FvYuipZoxpd+k7ZrNagbFd9BYGwlOPRloSZMKw=
github.com/gogo/protobuf v0.0.0-20181104164017-211a54c57504 h1:I0aWJxow6b8iZd9P7LtLLwACjwGovpygawupsaXxC2U=
github.com/gogo/protobuf v0.0.0-20181104164017-211a54c57504/go.mod h1:r8qH/GZQm5c6nD/R0oafs1akxWv10x8SbQlK7atdtwQ=
github.com/gogo/protobuf v1.2.1 h1:/s5zKNz0uPFCZ5hddgPdo2TK2TVrUNMn0OOX8/aZMTE=
github.com/gogo/protobuf v1.2.1/go.mod h1:hp+jE20tsWTFYpLwKvXlhS1hjn+gTNwPg2I6zVXpSg4=
github.com/gorilla/websocket v0.0.0-20181030144553-483fb8d7c32f h1:a3AO62p4QxRNbwMYvioUwy8S+pA0LD6t6gJlyJoXUcc=
github.com/gorilla/websocket v0.0.0-20181030144553-483fb8d7c32f/go.mod h1:E7qHFY5m1UJ88s3WnNqhKjPHQ0heANvMoAMk2YaljkQ=
github.com/kisielk/errcheck v1.1.0/go.mod h1:EZBBE59ingxPouuu3KfxchcWSUPOHkagtvWXihfKN4Q=
github.com/kisielk/errcheck v1.2.0/go.mod h1:/BMXB+zMLi60iA8Vv6Ksmxu/1UDYcXs4uQLJ+jE2L00=
github.com/kisielk/gotool v1.0.0/go.mod h1:XhKaO+MFFWcvkIS/tQcRk01m1F5IRFswLeQ+oQHNcck=
github.com/mitchellh/mapstructure v1.1.2 h1:fmNYVwqnSfB9mZU6OS2O6GsXM+wcskZDuKQzvN1EDeE=
github.com/mitchellh/mapstructure v1.1.2/go.mod h1:FVVH3fgwuzCH5S8UJGiWEs2h04kUh9fWfEaFds41c1Y=
github.com/ogier/pflag v0.0.0-20160129220114-45c278ab3607 h1:db+rES1EpSjP45xOU3hgS41oawQiZzqfnl6dUgBdFjY=
github.com/ogier/pflag v0.0.0-20160129220114-45c278ab3607/go.mod h1:zkFki7tvTa0tafRvTBIZTvzYyAu6kQhPZFnshFFPE+g=
github.com/op/go-logging v0.0.0-20160315200505-970db520ece7 h1:lDH9UUVJtmYCjyT0CI4q8xvlXPxeZ0gYCVvWbmPlp88=
github.com/op/go-logging v0.0.0-20160315200505-970db520ece7/go.mod h1:HzydrMdWErDVzsI23lYNej1Htcns9BCg93Dk0bBINWk=
github.com/opencontainers/go-digest v0.0.0-20180430190053-c9281466c8b2 h1:QhPf3A2AZW3tTGvHPg0TA+CR3oHbVLlXUhlghqISp1I=
github.com/opencontainers/go-digest v0.0.0-20180430190053-c9281466c8b2/go.mod h1:cMLVZDEM3+U2I4VmLI6N8jQYUd2OVphdqWwCJHrFt2s=
github.com/opencontainers/image-spec v0.0.0-20181029102219-09950c5fb1bb h1:lV7OIWUkP8UCia5HiGAdED2X5z9QGfJLdu2KXOT0gqI=
github.com/opencontainers/image-spec v0.0.0-20181029102219-09950c5fb1bb/go.mod h1:BtxoFyWECRxE4U/7sNtV5W15zMzWCbyJoFRP3s7yZA0=
github.com/pkg/errors v0.0.0-20181023235946-059132a15dd0 h1:R+lX9nKwNd1n7UE5SQAyoorREvRn3aLF6ZndXBoIWqY=
github.com/pkg/errors v0.0.0-20181023235946-059132a15dd0/go.mod h1:bwawxfHBFNV+L2hUp1rHADufV3IMtnDRdf1r5NINEl0=
github.com/pkg/errors v0.8.1 h1:iURUrRGxPUNPdy5/HRSm+Yj6okJ6UtLINN0Q9M4+h3I=
github.com/pkg/errors v0.8.1/go.mod h1:bwawxfHBFNV+L2hUp1rHADufV3IMtnDRdf1r5NINEl0=
github.com/ugorji/go v0.0.0-20181022190402-e5e69e061d4f h1:LYZasnCL6dazS0SpVfPGMXEGpwE+XloUlzl6sItzPT0=
github.com/ugorji/go v0.0.0-20181022190402-e5e69e061d4f/go.mod h1:hnLbHMwcvSihnDhEfx2/BzKp2xb0Y+ErdfYcrs9tkJQ=
github.com/ugorji/go v1.1.4 h1:j4s+tAvLfL3bZyefP2SEWmhBzmuIlH/eqNuPdFPgngw=
github.com/ugorji/go v1.1.4/go.mod h1:uQMGLiO92mf5W77hV/PUCpI3pbzQx3CRekS0kk+RGrc=
golang.org/x/crypto v0.0.0-20181106171534-e4dc69e5b2fd/go.mod h1:6SG95UA2DQfeDnfUPMdvaQW0Q7yPrPDi9nlGo2tz2b4=
golang.org/x/crypto v0.0.0-20181112202954-3d3f9f413869 h1:kkXA53yGe04D0adEYJwEVQjeBppL01Exg+fnMjfUraU=
golang.org/x/crypto v0.0.0-20181112202954-3d3f9f413869/go.mod h1:6SG95UA2DQfeDnfUPMdvaQW0Q7yPrPDi9nlGo2tz2b4=
golang.org/x/crypto v0.0.0-20190308221718-c2843e01d9a2/go.mod h1:djNgcEr1/C05ACkg1iLfiJU5Ep61QUkGW8qpdssI0+w=
golang.org/x/crypto v0.0.0-20190426145343-a29dc8fdc734 h1:p/H982KKEjUnLJkM3tt/LemDnOc1GiZL5FCVlORJ5zo=
golang.org/x/crypto v0.0.0-20190426145343-a29dc8fdc734/go.mod h1:yigFU9vqHzYiE8UmvKecakEJjdnWj3jj499lnFckfCI=
golang.org/x/net v0.0.0-20181108082009-03003ca0c849 h1:FSqE2GGG7wzsYUsWiQ8MZrvEd1EOyU3NCF0AW3Wtltg=
golang.org/x/net v0.0.0-20181108082009-03003ca0c849/go.mod h1:mL1N/T3taQHkDXs73rZJwtUhF3w3ftmwwsq0BUmARs4=
golang.org/x/net v0.0.0-20190311183353-d8887717615a/go.mod h1:t9HGtf8HONx5eT2rtn7q6eTqICYqUVnKs3thJo3Qplg=
golang.org/x/net v0.0.0-20190404232315-eb5bcb51f2a3/go.mod h1:t9HGtf8HONx5eT2rtn7q6eTqICYqUVnKs3thJo3Qplg=
golang.org/x/net v0.0.0-20190503192946-f4e77d36d62c h1:uOCk1iQW6Vc18bnC13MfzScl+wdKBmM9Y9kU7Z83/lw=
golang.org/x/net v0.0.0-20190503192946-f4e77d36d62c/go.mod h1:t9HGtf8HONx5eT2rtn7q6eTqICYqUVnKs3thJo3Qplg=
golang.org/x/sync v0.0.0-20190423024810-112230192c58/go.mod h1:RxMgew5VJxzue5/jJTE5uejpjVlOe/izrB70Jof72aM=
golang.org/x/sys v0.0.0-20181107165924-66b7b1311ac8/go.mod h1:STP8DvDyc/dI5b8T5hshtkjS+E42TnysNCUPdjciGhY=
golang.org/x/sys v0.0.0-20190215142949-d0b11bdaac8a/go.mod h1:STP8DvDyc/dI5b8T5hshtkjS+E42TnysNCUPdjciGhY=
golang.org/x/sys v0.0.0-20190412213103-97732733099d/go.mod h1:h1NjWce9XRLGQEsW7wpKNCjG9DtNlClVuFLEZdDNbEs=
golang.org/x/sys v0.0.0-20190502175342-a43fa875dd82/go.mod h1:h1NjWce9XRLGQEsW7wpKNCjG9DtNlClVuFLEZdDNbEs=
golang.org/x/text v0.3.0/go.mod h1:NqM8EUOU14njkJ3fqMW+pc6Ldnwhi/IjpwHt7yyuwOQ=
golang.org/x/text v0.3.2/go.mod h1:bEr9sfX3Q8Zfm5fL9x+3itogRgK3+ptLWKqgva+5dAk=
golang.org/x/tools v0.0.0-20180221164845-07fd8470d635/go.mod h1:n7NCudcB/nEzxVGmLbDWY5pfWTLqBcC2KZ6jyYvM4mQ=
golang.org/x/tools v0.0.0-20180917221912-90fa682c2a6e/go.mod h1:n7NCudcB/nEzxVGmLbDWY5pfWTLqBcC2KZ6jyYvM4mQ=
golang.org/x/tools v0.0.0-20181030221726-6c7e314b6563/go.mod h1:n7NCudcB/nEzxVGmLbDWY5pfWTLqBcC2KZ6jyYvM4mQ=
golang.org/x/tools v0.0.0-20190503185657-3b6f9c0030f7/go.mod h1:RgjU9mgBXZiqYHBnxXauZ1Gv1EHHAz9KjViQ78xBX0Q=
